
Microsoft Visual Studio Solution File, Format Version 12.00
# Visual Studio Version 17
VisualStudioVersion = 17.10.34928.147
MinimumVisualStudioVersion = 10.0.40219.1
Project("{FAE04EC0-301F-11D3-BF4B-00C04F79EFBC}") = "3_TASK", "3_TASK.csproj", "{84811B30-280E-4F58-BDDC-EDDC648BC34E}"
EndProject
Global
	GlobalSection(SolutionConfigurationPlatforms) = preSolution
		Debug|Any CPU = Debug|Any CPU
		Release|Any CPU = Release|Any CPU
	EndGlobalSection
	GlobalSection(ProjectConfigurationPlatforms) = postSolution
		{84811B30-280E-4F58-BDDC-EDDC648BC34E}.Debug|Any CPU.ActiveCfg = Debug|Any CPU
		{84811B30-280E-4F58-BDDC-EDDC648BC34E}.Debug|Any CPU.Build.0 = Debug|Any CPU
		{84811B30-280E-4F58-BDDC-EDDC648BC34E}.Release|Any CPU.ActiveCfg = Release|Any CPU
		{84811B30-280E-4F58-BDDC-EDDC648BC34E}.Release|Any CPU.Build.0 = Release|Any CPU
	EndGlobalSection
	GlobalSection(SolutionProperties) = preSolution
		HideSolutionNode = FALSE
	EndGlobalSection
	GlobalSection(ExtensibilityGlobals) = postSolution
		SolutionGuid = {D21C901A-0C82-4454-83F6-875E4B8A57DB}
	EndGlobalSection
EndGlobal
